
Microsoft Visual Studio Solution File, Format Version 12.00
# Visual Studio Version 17
VisualStudioVersion = 17.9.34728.123
MinimumVisualStudioVersion = 10.0.40219.1
Project("{FAE04EC0-301F-11D3-BF4B-00C04F79EFBC}") = "ConsoleApp33", "ConsoleApp33\ConsoleApp33.csproj", "{36724749-10BA-4C72-A5F1-EA6D70468D8A}"
EndProject
Global
	GlobalSection(SolutionConfigurationPlatforms) = preSolution
		Debug|Any CPU = Debug|Any CPU
		Release|Any CPU = Release|Any CPU
	EndGlobalSection
	GlobalSection(ProjectConfigurationPlatforms) = postSolution
		{36724749-10BA-4C72-A5F1-EA6D70468D8A}.Debug|Any CPU.ActiveCfg = Debug|Any CPU
		{36724749-10BA-4C72-A5F1-EA6D70468D8A}.Debug|Any CPU.Build.0 = Debug|Any CPU
		{36724749-10BA-4C72-A5F1-EA6D70468D8A}.Release|Any CPU.ActiveCfg = Release|Any CPU
		{36724749-10BA-4C72-A5F1-EA6D70468D8A}.Release|Any CPU.Build.0 = Release|Any CPU
	EndGlobalSection
	GlobalSection(SolutionProperties) = preSolution
		HideSolutionNode = FALSE
	EndGlobalSection
	GlobalSection(ExtensibilityGlobals) = postSolution
		SolutionGuid = {93D8F389-18A3-4724-A4EC-98B5812933F7}
	EndGlobalSection
EndGlobal
